
Microsoft Visual Studio Solution File, Format Version 12.00
# Visual Studio 15
VisualStudioVersion = 15.0.28307.421
MinimumVisualStudioVersion = 10.0.40219.1
Project("{FAE04EC0-301F-11D3-BF4B-00C04F79EFBC}") = "SemBlog", "src\JustBlog\JustBlog\SemBlog.csproj", "{A479EA19-8D37-4B08-9B16-29607676A95A}"
EndProject
Project("{FAE04EC0-301F-11D3-BF4B-00C04F79EFBC}") = "SemBlog.Core", "src\JustBlog\JustBlog.Core\SemBlog.Core.csproj", "{787A6593-DB4C-4D2A-9AE7-9848BDC7D2FD}"
EndProject
Global
	GlobalSection(SolutionConfigurationPlatforms) = preSolution
		Debug|Any CPU = Debug|Any CPU
		Release|Any CPU = Release|Any CPU
	EndGlobalSection
	GlobalSection(ProjectConfigurationPlatforms) = postSolution
		{A479EA19-8D37-4B08-9B16-29607676A95A}.Debug|Any CPU.ActiveCfg = Debug|Any CPU
		{A479EA19-8D37-4B08-9B16-29607676A95A}.Debug|Any CPU.Build.0 = Debug|Any CPU
		{A479EA19-8D37-4B08-9B16-29607676A95A}.Release|Any CPU.ActiveCfg = Release|Any CPU
		{A479EA19-8D37-4B08-9B16-29607676A95A}.Release|Any CPU.Build.0 = Release|Any CPU
		{787A6593-DB4C-4D2A-9AE7-9848BDC7D2FD}.Debug|Any CPU.ActiveCfg = Debug|Any CPU
		{787A6593-DB4C-4D2A-9AE7-9848BDC7D2FD}.Debug|Any CPU.Build.0 = Debug|Any CPU
		{787A6593-DB4C-4D2A-9AE7-9848BDC7D2FD}.Release|Any CPU.ActiveCfg = Release|Any CPU
		{787A6593-DB4C-4D2A-9AE7-9848BDC7D2FD}.Release|Any CPU.Build.0 = Release|Any CPU
	EndGlobalSection
	GlobalSection(SolutionProperties) = preSolution
		HideSolutionNode = FALSE
	EndGlobalSection
	GlobalSection(ExtensibilityGlobals) = postSolution
		SolutionGuid = {36DE6B9B-A895-406F-86A7-946D64E5C949}
	EndGlobalSection
EndGlobal
